
Microsoft Visual Studio Solution File, Format Version 12.00
# Visual Studio Version 17
VisualStudioVersion = 17.3.32922.545
MinimumVisualStudioVersion = 10.0.40219.1
Project("{8BC9CEB8-8B4A-11D0-8D11-00A0C91BC942}") = "GuiApp", "GuiApp\GuiApp.vcxproj", "{6C62AAD4-FEE4-4BDD-B754-1F0C981C94C8}"
EndProject
Global
	GlobalSection(SolutionConfigurationPlatforms) = preSolution
		Debug|x64 = Debug|x64
		Debug|x86 = Debug|x86
		Release|x64 = Release|x64
		Release|x86 = Release|x86
	EndGlobalSection
	GlobalSection(ProjectConfigurationPlatforms) = postSolution
		{6C62AAD4-FEE4-4BDD-B754-1F0C981C94C8}.Debug|x64.ActiveCfg = Debug|x64
		{6C62AAD4-FEE4-4BDD-B754-1F0C981C94C8}.Debug|x64.Build.0 = Debug|x64
		{6C62AAD4-FEE4-4BDD-B754-1F0C981C94C8}.Debug|x86.ActiveCfg = Debug|Win32
		{6C62AAD4-FEE4-4BDD-B754-1F0C981C94C8}.Debug|x86.Build.0 = Debug|Win32
		{6C62AAD4-FEE4-4BDD-B754-1F0C981C94C8}.Release|x64.ActiveCfg = Release|x64
		{6C62AAD4-FEE4-4BDD-B754-1F0C981C94C8}.Release|x64.Build.0 = Release|x64
		{6C62AAD4-FEE4-4BDD-B754-1F0C981C94C8}.Release|x86.ActiveCfg = Release|Win32
		{6C62AAD4-FEE4-4BDD-B754-1F0C981C94C8}.Release|x86.Build.0 = Release|Win32
	EndGlobalSection
	GlobalSection(SolutionProperties) = preSolution
		HideSolutionNode = FALSE
	EndGlobalSection
	GlobalSection(ExtensibilityGlobals) = postSolution
		SolutionGuid = {BED544BA-E172-49D5-9F05-729E31C214F2}
	EndGlobalSection
EndGlobal
